
Microsoft Visual Studio Solution File, Format Version 12.00
# Visual Studio Version 17
VisualStudioVersion = 17.14.37111.16
MinimumVisualStudioVersion = 10.0.40219.1
Project("{2150E333-8FDC-42A3-9474-1A3956D46DE8}") = "deploy", "deploy", "{02EA681E-C7D8-13C7-8484-4AC65E1B71E8}"
	ProjectSection(SolutionItems) = preProject
		deploy\docker-compose.yml = deploy\docker-compose.yml
	EndProjectSection
EndProject
Project("{2150E333-8FDC-42A3-9474-1A3956D46DE8}") = "src", "src", "{BB33334E-6288-4073-884C-3CC6AA9ABE63}"
EndProject
Project("{2150E333-8FDC-42A3-9474-1A3956D46DE8}") = "test", "test", "{8387EA09-1EC7-4AAB-A508-44DB665AABCC}"
EndProject
Project("{2150E333-8FDC-42A3-9474-1A3956D46DE8}") = "ApiGateway", "ApiGateway", "{5D1D9290-1AB5-4CE5-9E96-B88FDD63EB28}"
EndProject
Project("{2150E333-8FDC-42A3-9474-1A3956D46DE8}") = "Services", "Services", "{CD7F8ABC-FB6C-4816-BA82-0EB597798929}"
EndProject
Project("{2150E333-8FDC-42A3-9474-1A3956D46DE8}") = "Redirect", "Redirect", "{3D2F3140-2C95-4BE8-9CE1-D0CB5A2CC7DF}"
EndProject
Project("{2150E333-8FDC-42A3-9474-1A3956D46DE8}") = "Write", "Write", "{10F41BCB-06BD-4FB5-B1EC-293DFB1CBA55}"
EndProject
Project("{FAE04EC0-301F-11D3-BF4B-00C04F79EFBC}") = "Redirect.API", "src\Services\Redirect\Redirect.API\Redirect.API.csproj", "{0958119B-B9A1-4885-8F46-ABD362A0054B}"
EndProject
Project("{FAE04EC0-301F-11D3-BF4B-00C04F79EFBC}") = "Write.API", "src\Services\Write\Write.API\Write.API.csproj", "{097607FD-F9D8-4441-8A11-1F6B8043AADA}"
EndProject
Project("{2150E333-8FDC-42A3-9474-1A3956D46DE8}") = "DataContext", "DataContext", "{A631F0B1-6002-4392-A57B-3F108E841B2F}"
EndProject
Project("{FAE04EC0-301F-11D3-BF4B-00C04F79EFBC}") = "Infras.Redis", "src\Services\DataContext\Caching\Infras.Redis.csproj", "{F131FA1E-2AA5-496A-88C7-15CDAA9CCC04}"
EndProject
Project("{FAE04EC0-301F-11D3-BF4B-00C04F79EFBC}") = "Infras.MongoDb", "src\Services\DataContext\Database\Infras.MongoDb.csproj", "{F11BD62B-3338-46EA-8ECA-93FD0CE54D0A}"
EndProject
Project("{FAE04EC0-301F-11D3-BF4B-00C04F79EFBC}") = "Application", "src\Services\DataContext\Application\Application.csproj", "{1BB5D152-DD0D-4C35-BAAA-A5F4D5F04C8A}"
EndProject
Project("{FAE04EC0-301F-11D3-BF4B-00C04F79EFBC}") = "Domain", "src\Services\DataContext\Domain\Domain.csproj", "{5695EB9F-C543-33D3-6CBD-B5FC9CA1660B}"
EndProject
Project("{FAE04EC0-301F-11D3-BF4B-00C04F79EFBC}") = "Write.Application", "src\Services\Write\Write.Application\Write.Application\Write.Application.csproj", "{EAE214DA-4FD8-475C-90E8-E0552EB9FBFB}"
EndProject
Project("{FAE04EC0-301F-11D3-BF4B-00C04F79EFBC}") = "Redirect.Application", "src\Services\Redirect\Redirect.Application\Redirect.Application\Redirect.Application.csproj", "{CE551AD0-44AA-4C31-A9B7-CE297990000B}"
EndProject
Project("{FAE04EC0-301F-11D3-BF4B-00C04F79EFBC}") = "Utility", "src\Services\DataContext\Utility\Utility\Utility.csproj", "{D3906F4A-8457-4105-819E-36824A16D49E}"
EndProject
Project("{FAE04EC0-301F-11D3-BF4B-00C04F79EFBC}") = "ApiGateway", "src\ApiGateway\ApiGateway\ApiGateway.csproj", "{50D5ACC2-44A4-4FDA-BC47-48535F9696EC}"
EndProject
Project("{FAE04EC0-301F-11D3-BF4B-00C04F79EFBC}") = "Redirect.UnitTests", "test\Redirect.UnitTests\Redirect.UnitTests.csproj", "{71292A78-B215-42E9-81B7-2A375F8B81FA}"
EndProject
Project("{FAE04EC0-301F-11D3-BF4B-00C04F79EFBC}") = "Write.UnitTests", "test\Write.UnitTests\Write.UnitTests.csproj", "{619EA7F9-8CFE-47ED-B4CD-244A471A2167}"
EndProject
Global
	GlobalSection(SolutionConfigurationPlatforms) = preSolution
		Debug|Any CPU = Debug|Any CPU
		Release|Any CPU = Release|Any CPU
	EndGlobalSection
	GlobalSection(ProjectConfigurationPlatforms) = postSolution
		{0958119B-B9A1-4885-8F46-ABD362A0054B}.Debug|Any CPU.ActiveCfg = Debug|Any CPU
		{0958119B-B9A1-4885-8F46-ABD362A0054B}.Debug|Any CPU.Build.0 = Debug|Any CPU
		{0958119B-B9A1-4885-8F46-ABD362A0054B}.Release|Any CPU.ActiveCfg = Release|Any CPU
		{0958119B-B9A1-4885-8F46-ABD362A0054B}.Release|Any CPU.Build.0 = Release|Any CPU
		{097607FD-F9D8-4441-8A11-1F6B8043AADA}.Debug|Any CPU.ActiveCfg = Debug|Any CPU
		{097607FD-F9D8-4441-8A11-1F6B8043AADA}.Debug|Any CPU.Build.0 = Debug|Any CPU
		{097607FD-F9D8-4441-8A11-1F6B8043AADA}.Release|Any CPU.ActiveCfg = Release|Any CPU
		{097607FD-F9D8-4441-8A11-1F6B8043AADA}.Release|Any CPU.Build.0 = Release|Any CPU
		{F131FA1E-2AA5-496A-88C7-15CDAA9CCC04}.Debug|Any CPU.ActiveCfg = Debug|Any CPU
		{F131FA1E-2AA5-496A-88C7-15CDAA9CCC04}.Debug|Any CPU.Build.0 = Debug|Any CPU
		{F131FA1E-2AA5-496A-88C7-15CDAA9CCC04}.Release|Any CPU.ActiveCfg = Release|Any CPU
		{F131FA1E-2AA5-496A-88C7-15CDAA9CCC04}.Release|Any CPU.Build.0 = Release|Any CPU
		{F11BD62B-3338-46EA-8ECA-93FD0CE54D0A}.Debug|Any CPU.ActiveCfg = Debug|Any CPU
		{F11BD62B-3338-46EA-8ECA-93FD0CE54D0A}.Debug|Any CPU.Build.0 = Debug|Any CPU
		{F11BD62B-3338-46EA-8ECA-93FD0CE54D0A}.Release|Any CPU.ActiveCfg = Release|Any CPU
		{F11BD62B-3338-46EA-8ECA-93FD0CE54D0A}.Release|Any CPU.Build.0 = Release|Any CPU
		{1BB5D152-DD0D-4C35-BAAA-A5F4D5F04C8A}.Debug|Any CPU.ActiveCfg = Debug|Any CPU
		{1BB5D152-DD0D-4C35-BAAA-A5F4D5F04C8A}.Debug|Any CPU.Build.0 = Debug|Any CPU
		{1BB5D152-DD0D-4C35-BAAA-A5F4D5F04C8A}.Release|Any CPU.ActiveCfg = Release|Any CPU
		{1BB5D152-DD0D-4C35-BAAA-A5F4D5F04C8A}.Release|Any CPU.Build.0 = Release|Any CPU
		{5695EB9F-C543-33D3-6CBD-B5FC9CA1660B}.Debug|Any CPU.ActiveCfg = Debug|Any CPU
		{5695EB9F-C543-33D3-6CBD-B5FC9CA1660B}.Debug|Any CPU.Build.0 = Debug|Any CPU
		{5695EB9F-C543-33D3-6CBD-B5FC9CA1660B}.Release|Any CPU.ActiveCfg = Release|Any CPU
		{5695EB9F-C543-33D3-6CBD-B5FC9CA1660B}.Release|Any CPU.Build.0 = Release|Any CPU
		{EAE214DA-4FD8-475C-90E8-E0552EB9FBFB}.Debug|Any CPU.ActiveCfg = Debug|Any CPU
		{EAE214DA-4FD8-475C-90E8-E0552EB9FBFB}.Debug|Any CPU.Build.0 = Debug|Any CPU
		{EAE214DA-4FD8-475C-90E8-E0552EB9FBFB}.Release|Any CPU.ActiveCfg = Release|Any CPU
		{EAE214DA-4FD8-475C-90E8-E0552EB9FBFB}.Release|Any CPU.Build.0 = Release|Any CPU
		{CE551AD0-44AA-4C31-A9B7-CE297990000B}.Debug|Any CPU.ActiveCfg = Debug|Any CPU
		{CE551AD0-44AA-4C31-A9B7-CE297990000B}.Debug|Any CPU.Build.0 = Debug|Any CPU
		{CE551AD0-44AA-4C31-A9B7-CE297990000B}.Release|Any CPU.ActiveCfg = Release|Any CPU
		{CE551AD0-44AA-4C31-A9B7-CE297990000B}.Release|Any CPU.Build.0 = Release|Any CPU
		{D3906F4A-8457-4105-819E-36824A16D49E}.Debug|Any CPU.ActiveCfg = Debug|Any CPU
		{D3906F4A-8457-4105-819E-36824A16D49E}.Debug|Any CPU.Build.0 = Debug|Any CPU
		{D3906F4A-8457-4105-819E-36824A16D49E}.Release|Any CPU.ActiveCfg = Release|Any CPU
		{D3906F4A-8457-4105-819E-36824A16D49E}.Release|Any CPU.Build.0 = Release|Any CPU
		{50D5ACC2-44A4-4FDA-BC47-48535F9696EC}.Debug|Any CPU.ActiveCfg = Debug|Any CPU
		{50D5ACC2-44A4-4FDA-BC47-48535F9696EC}.Debug|Any CPU.Build.0 = Debug|Any CPU
		{50D5ACC2-44A4-4FDA-BC47-48535F9696EC}.Release|Any CPU.ActiveCfg = Release|Any CPU
		{50D5ACC2-44A4-4FDA-BC47-48535F9696EC}.Release|Any CPU.Build.0 = Release|Any CPU
		{71292A78-B215-42E9-81B7-2A375F8B81FA}.Debug|Any CPU.ActiveCfg = Debug|Any CPU
		{71292A78-B215-42E9-81B7-2A375F8B81FA}.Debug|Any CPU.Build.0 = Debug|Any CPU
		{71292A78-B215-42E9-81B7-2A375F8B81FA}.Release|Any CPU.ActiveCfg = Release|Any CPU
		{71292A78-B215-42E9-81B7-2A375F8B81FA}.Release|Any CPU.Build.0 = Release|Any CPU
		{619EA7F9-8CFE-47ED-B4CD-244A471A2167}.Debug|Any CPU.ActiveCfg = Debug|Any CPU
		{619EA7F9-8CFE-47ED-B4CD-244A471A2167}.Debug|Any CPU.Build.0 = Debug|Any CPU
		{619EA7F9-8CFE-47ED-B4CD-244A471A2167}.Release|Any CPU.ActiveCfg = Release|Any CPU
		{619EA7F9-8CFE-47ED-B4CD-244A471A2167}.Release|Any CPU.Build.0 = Release|Any CPU
	EndGlobalSection
	GlobalSection(SolutionProperties) = preSolution
		HideSolutionNode = FALSE
	EndGlobalSection
	GlobalSection(NestedProjects) = preSolution
		{5D1D9290-1AB5-4CE5-9E96-B88FDD63EB28} = {BB33334E-6288-4073-884C-3CC6AA9ABE63}
		{CD7F8ABC-FB6C-4816-BA82-0EB597798929} = {BB33334E-6288-4073-884C-3CC6AA9ABE63}
		{3D2F3140-2C95-4BE8-9CE1-D0CB5A2CC7DF} = {CD7F8ABC-FB6C-4816-BA82-0EB597798929}
		{10F41BCB-06BD-4FB5-B1EC-293DFB1CBA55} = {CD7F8ABC-FB6C-4816-BA82-0EB597798929}
		{0958119B-B9A1-4885-8F46-ABD362A0054B} = {3D2F3140-2C95-4BE8-9CE1-D0CB5A2CC7DF}
		{097607FD-F9D8-4441-8A11-1F6B8043AADA} = {10F41BCB-06BD-4FB5-B1EC-293DFB1CBA55}
		{A631F0B1-6002-4392-A57B-3F108E841B2F} = {CD7F8ABC-FB6C-4816-BA82-0EB597798929}
		{F131FA1E-2AA5-496A-88C7-15CDAA9CCC04} = {A631F0B1-6002-4392-A57B-3F108E841B2F}
		{F11BD62B-3338-46EA-8ECA-93FD0CE54D0A} = {A631F0B1-6002-4392-A57B-3F108E841B2F}
		{1BB5D152-DD0D-4C35-BAAA-A5F4D5F04C8A} = {A631F0B1-6002-4392-A57B-3F108E841B2F}
		{5695EB9F-C543-33D3-6CBD-B5FC9CA1660B} = {A631F0B1-6002-4392-A57B-3F108E841B2F}
		{EAE214DA-4FD8-475C-90E8-E0552EB9FBFB} = {10F41BCB-06BD-4FB5-B1EC-293DFB1CBA55}
		{CE551AD0-44AA-4C31-A9B7-CE297990000B} = {3D2F3140-2C95-4BE8-9CE1-D0CB5A2CC7DF}
		{D3906F4A-8457-4105-819E-36824A16D49E} = {A631F0B1-6002-4392-A57B-3F108E841B2F}
		{50D5ACC2-44A4-4FDA-BC47-48535F9696EC} = {5D1D9290-1AB5-4CE5-9E96-B88FDD63EB28}
		{71292A78-B215-42E9-81B7-2A375F8B81FA} = {8387EA09-1EC7-4AAB-A508-44DB665AABCC}
		{619EA7F9-8CFE-47ED-B4CD-244A471A2167} = {8387EA09-1EC7-4AAB-A508-44DB665AABCC}
	EndGlobalSection
	GlobalSection(ExtensibilityGlobals) = postSolution
		SolutionGuid = {28FB3A4B-C8E0-4F57-83AB-765E7996E110}
	EndGlobalSection
EndGlobal
